# This file is automatically @generated by Cargo.
# It is not intended for manual editing.
version = 4

[[package]]
name = "aoc2025"
version = "0.1.0"
dependencies = [
 "aoc_tools",
]

[[package]]
name = "aoc_tools"
version = "0.1.1"
source = "git+https://github.com/fesm0750/aoc_tools#da94c0da0594eb4f5541c68f1aaa8aa69f2e9e33"
